
Microsoft Visual Studio Solution File, Format Version 12.00
# Visual Studio Version 17
VisualStudioVersion = 17.10.35013.160
MinimumVisualStudioVersion = 10.0.40219.1
Project("{C9674DCB-5085-4A16-B785-4C70DD1589BD}") = "Practice8CSVtoSQL", "Practice8CSVtoSQL.dtproj", "{97075182-0889-4916-BC9D-F1AB1C232948}"
EndProject
Global
	GlobalSection(SolutionConfigurationPlatforms) = preSolution
		Development|Default = Development|Default
	EndGlobalSection
	GlobalSection(ProjectConfigurationPlatforms) = postSolution
		{97075182-0889-4916-BC9D-F1AB1C232948}.Development|Default.ActiveCfg = Development
		{97075182-0889-4916-BC9D-F1AB1C232948}.Development|Default.Build.0 = Development
	EndGlobalSection
	GlobalSection(SolutionProperties) = preSolution
		HideSolutionNode = FALSE
	EndGlobalSection
	GlobalSection(ExtensibilityGlobals) = postSolution
		SolutionGuid = {FDD55827-9D3F-44DC-AAEF-302819813DF7}
	EndGlobalSection
EndGlobal
